// !$*UTF8*$!
{
	archiveVersion = 1;
	classes = {
	};
	objectVersion = 48;
	objects = {

/* Begin PBXBuildFile section */
		242AAD0C200BA57F007DEBB3 /* SettingsViewController.m in Sources */ = {isa = PBXBuildFile; fileRef = 242AAD0B200BA57F007DEBB3 /* SettingsViewController.m */; };
		242EE59B200FB18C00F61C7B /* ThisIsMeViewController.m in Sources */ = {isa = PBXBuildFile; fileRef = 242EE59A200FB18C00F61C7B /* ThisIsMeViewController.m */; };
		242EE59E200FB1ED00F61C7B /* WhyAppDevViewController.m in Sources */ = {isa = PBXBuildFile; fileRef = 242EE59D200FB1ED00F61C7B /* WhyAppDevViewController.m */; };
		2474518A200A8CE9007BFEC1 /* AppDelegate.m in Sources */ = {isa = PBXBuildFile; fileRef = 24745189200A8CE9007BFEC1 /* AppDelegate.m */; };
		2474518D200A8CE9007BFEC1 /* ViewController.m in Sources */ = {isa = PBXBuildFile; fileRef = 2474518C200A8CE9007BFEC1 /* ViewController.m */; };
		24745190200A8CE9007BFEC1 /* Main.storyboard in Resources */ = {isa = PBXBuildFile; fileRef = 2474518E200A8CE9007BFEC1 /* Main.storyboard */; };
		24745195200A8CE9007BFEC1 /* LaunchScreen.storyboard in Resources */ = {isa = PBXBuildFile; fileRef = 24745193200A8CE9007BFEC1 /* LaunchScreen.storyboard */; };
		24745198200A8CE9007BFEC1 /* main.m in Sources */ = {isa = PBXBuildFile; fileRef = 24745197200A8CE9007BFEC1 /* main.m */; };
		2474519F200A8D44007BFEC1 /* Assets.xcassets in Resources */ = {isa = PBXBuildFile; fileRef = 2474519E200A8D44007BFEC1 /* Assets.xcassets */; };
		247451A2200B57B3007BFEC1 /* MyInterestsViewController.m in Sources */ = {isa = PBXBuildFile; fileRef = 247451A1200B57B3007BFEC1 /* MyInterestsViewController.m */; };
		248FEEC1200CC7B400126867 /* HiLowGameViewController.m in Sources */ = {isa = PBXBuildFile; fileRef = 248FEEC0200CC7B400126867 /* HiLowGameViewController.m */; };
/* End PBXBuildFile section */

/* Begin PBXFileReference section */
		242AAD0A200BA57F007DEBB3 /* SettingsViewController.h */ = {isa = PBXFileReference; lastKnownFileType = sourcecode.c.h; path = SettingsViewController.h; sourceTree = "<group>"; };
		242AAD0B200BA57F007DEBB3 /* SettingsViewController.m */ = {isa = PBXFileReference; lastKnownFileType = sourcecode.c.objc; path = SettingsViewController.m; sourceTree = "<group>"; };
		242EE599200FB18C00F61C7B /* ThisIsMeViewController.h */ = {isa = PBXFileReference; lastKnownFileType = sourcecode.c.h; path = ThisIsMeViewController.h; sourceTree = "<group>"; };
		242EE59A200FB18C00F61C7B /* ThisIsMeViewController.m */ = {isa = PBXFileReference; lastKnownFileType = sourcecode.c.objc; path = ThisIsMeViewController.m; sourceTree = "<group>"; };
		242EE59C200FB1ED00F61C7B /* WhyAppDevViewController.h */ = {isa = PBXFileReference; lastKnownFileType = sourcecode.c.h; path = WhyAppDevViewController.h; sourceTree = "<group>"; };
		242EE59D200FB1ED00F61C7B /* WhyAppDevViewController.m */ = {isa = PBXFileReference; lastKnownFileType = sourcecode.c.objc; path = WhyAppDevViewController.m; sourceTree = "<group>"; };
		24745185200A8CE9007BFEC1 /* AppAboutMe.app */ = {isa = PBXFileReference; explicitFileType = wrapper.application; includeInIndex = 0; path = AppAboutMe.app; sourceTree = BUILT_PRODUCTS_DIR; };
		24745188200A8CE9007BFEC1 /* AppDelegate.h */ = {isa = PBXFileReference; lastKnownFileType = sourcecode.c.h; path = AppDelegate.h; sourceTree = "<group>"; };
		24745189200A8CE9007BFEC1 /* AppDelegate.m */ = {isa = PBXFileReference; lastKnownFileType = sourcecode.c.objc; path = AppDelegate.m; sourceTree = "<group>"; };
		2474518B200A8CE9007BFEC1 /* ViewController.h */ = {isa = PBXFileReference; lastKnownFileType = sourcecode.c.h; path = ViewController.h; sourceTree = "<group>"; };
		2474518C200A8CE9007BFEC1 /* ViewController.m */ = {isa = PBXFileReference; lastKnownFileType = sourcecode.c.objc; path = ViewController.m; sourceTree = "<group>"; };
		2474518F200A8CE9007BFEC1 /* Base */ = {isa = PBXFileReference; lastKnownFileType = file.storyboard; name = Base; path = Base.lproj/Main.storyboard; sourceTree = "<group>"; };
		24745194200A8CE9007BFEC1 /* Base */ = {isa = PBXFileReference; lastKnownFileType = file.storyboard; name = Base; path = Base.lproj/LaunchScreen.storyboard; sourceTree = "<group>"; };
		24745196200A8CE9007BFEC1 /* Info.plist */ = {isa = PBXFileReference; lastKnownFileType = text.plist.xml; path = Info.plist; sourceTree = "<group>"; };
		24745197200A8CE9007BFEC1 /* main.m */ = {isa = PBXFileReference; lastKnownFileType = sourcecode.c.objc; path = main.m; sourceTree = "<group>"; };
		2474519E200A8D44007BFEC1 /* Assets.xcassets */ = {isa = PBXFileReference; lastKnownFileType = folder.assetcatalog; name = Assets.xcassets; path = ../../../../.Trash/Assets.xcassets; sourceTree = "<group>"; };
		247451A0200B57B3007BFEC1 /* MyInterestsViewController.h */ = {isa = PBXFileReference; lastKnownFileType = sourcecode.c.h; path = MyInterestsViewController.h; sourceTree = "<group>"; };
		247451A1200B57B3007BFEC1 /* MyInterestsViewController.m */ = {isa = PBXFileReference; lastKnownFileType = sourcecode.c.objc; path = MyInterestsViewController.m; sourceTree = "<group>"; };
		248FEEBF200CC7B400126867 /* HiLowGameViewController.h */ = {isa = PBXFileReference; lastKnownFileType = sourcecode.c.h; path = HiLowGameViewController.h; sourceTree = "<group>"; };
		248FEEC0200CC7B400126867 /* HiLowGameViewController.m */ = {isa = PBXFileReference; lastKnownFileType = sourcecode.c.objc; path = HiLowGameViewController.m; sourceTree = "<group>"; };
/* End PBXFileReference section */

/* Begin PBXFrameworksBuildPhase section */
		24745182200A8CE9007BFEC1 /* Frameworks */ = {
			isa = PBXFrameworksBuildPhase;
			buildActionMask = 2147483647;
			files = (
			);
			runOnlyForDeploymentPostprocessing = 0;
		};
/* End PBXFrameworksBuildPhase section */

/* Begin PBXGroup section */
		2474517C200A8CE9007BFEC1 = {
			isa = PBXGroup;
			children = (
				24745187200A8CE9007BFEC1 /* AppAboutMe */,
				24745186200A8CE9007BFEC1 /* Products */,
			);
			sourceTree = "<group>";
		};
		24745186200A8CE9007BFEC1 /* Products */ = {
			isa = PBXGroup;
			children = (
				24745185200A8CE9007BFEC1 /* AppAboutMe.app */,
			);
			name = Products;
			sourceTree = "<group>";
		};
		24745187200A8CE9007BFEC1 /* AppAboutMe */ = {
			isa = PBXGroup;
			children = (
				24745188200A8CE9007BFEC1 /* AppDelegate.h */,
				24745189200A8CE9007BFEC1 /* AppDelegate.m */,
				2474518B200A8CE9007BFEC1 /* ViewController.h */,
				2474518C200A8CE9007BFEC1 /* ViewController.m */,
				2474518E200A8CE9007BFEC1 /* Main.storyboard */,
				242EE59C200FB1ED00F61C7B /* WhyAppDevViewController.h */,
				242EE59D200FB1ED00F61C7B /* WhyAppDevViewController.m */,
				2474519E200A8D44007BFEC1 /* Assets.xcassets */,
				24745193200A8CE9007BFEC1 /* LaunchScreen.storyboard */,
				24745196200A8CE9007BFEC1 /* Info.plist */,
				24745197200A8CE9007BFEC1 /* main.m */,
				247451A0200B57B3007BFEC1 /* MyInterestsViewController.h */,
				247451A1200B57B3007BFEC1 /* MyInterestsViewController.m */,
				242AAD0A200BA57F007DEBB3 /* SettingsViewController.h */,
				242AAD0B200BA57F007DEBB3 /* SettingsViewController.m */,
				248FEEBF200CC7B400126867 /* HiLowGameViewController.h */,
				248FEEC0200CC7B400126867 /* HiLowGameViewController.m */,
				242EE599200FB18C00F61C7B /* ThisIsMeViewController.h */,
				242EE59A200FB18C00F61C7B /* ThisIsMeViewController.m */,
			);
			path = AppAboutMe;
			sourceTree = "<group>";
		};
/* End PBXGroup section */

/* Begin PBXNativeTarget section */
		24745184200A8CE9007BFEC1 /* AppAboutMe */ = {
			isa = PBXNativeTarget;
			buildConfigurationList = 2474519B200A8CE9007BFEC1 /* Build configuration list for PBXNativeTarget "AppAboutMe" */;
			buildPhases = (
				24745181200A8CE9007BFEC1 /* Sources */,
				24745182200A8CE9007BFEC1 /* Frameworks */,
				24745183200A8CE9007BFEC1 /* Resources */,
			);
			buildRules = (
			);
			dependencies = (
			);
			name = AppAboutMe;
			productName = AppAboutMe;
			productReference = 24745185200A8CE9007BFEC1 /* AppAboutMe.app */;
			productType = "com.apple.product-type.application";
		};
/* End PBXNativeTarget section */

/* Begin PBXProject section */
		2474517D200A8CE9007BFEC1 /* Project object */ = {
			isa = PBXProject;
			attributes = {
				LastUpgradeCheck = 0920;
				ORGANIZATIONNAME = "Alvar Aronija";
				TargetAttributes = {
					24745184200A8CE9007BFEC1 = {
						CreatedOnToolsVersion = 9.2;
						ProvisioningStyle = Automatic;
					};
				};
			};
			buildConfigurationList = 24745180200A8CE9007BFEC1 /* Build configuration list for PBXProject "AppAboutMe" */;
			compatibilityVersion = "Xcode 8.0";
			developmentRegion = en;
			hasScannedForEncodings = 0;
			knownRegions = (
				en,
				Base,
			);
			mainGroup = 2474517C200A8CE9007BFEC1;
			productRefGroup = 24745186200A8CE9007BFEC1 /* Products */;
			projectDirPath = "";
			projectRoot = "";
			targets = (
				24745184200A8CE9007BFEC1 /* AppAboutMe */,
			);
		};
/* End PBXProject section */

/* Begin PBXResourcesBuildPhase section */
		24745183200A8CE9007BFEC1 /* Resources */ = {
			isa = PBXResourcesBuildPhase;
			buildActionMask = 2147483647;
			files = (
				24745195200A8CE9007BFEC1 /* LaunchScreen.storyboard in Resources */,
				2474519F200A8D44007BFEC1 /* Assets.xcassets in Resources */,
				24745190200A8CE9007BFEC1 /* Main.storyboard in Resources */,
			);
			runOnlyForDeploymentPostprocessing = 0;
		};
/* End PBXResourcesBuildPhase section */

/* Begin PBXSourcesBuildPhase section */
		24745181200A8CE9007BFEC1 /* Sources */ = {
			isa = PBXSourcesBuildPhase;
			buildActionMask = 2147483647;
			files = (
				247451A2200B57B3007BFEC1 /* MyInterestsViewController.m in Sources */,
				2474518D200A8CE9007BFEC1 /* ViewController.m in Sources */,
				248FEEC1200CC7B400126867 /* HiLowGameViewController.m in Sources */,
				242EE59E200FB1ED00F61C7B /* WhyAppDevViewController.m in Sources */,
				242EE59B200FB18C00F61C7B /* ThisIsMeViewController.m in Sources */,
				242AAD0C200BA57F007DEBB3 /* SettingsViewController.m in Sources */,
				24745198200A8CE9007BFEC1 /* main.m in Sources */,
				2474518A200A8CE9007BFEC1 /* AppDelegate.m in Sources */,
			);
			runOnlyForDeploymentPostprocessing = 0;
		};
/* End PBXSourcesBuildPhase section */

/* Begin PBXVariantGroup section */
		2474518E200A8CE9007BFEC1 /* Main.storyboard */ = {
			isa = PBXVariantGroup;
			children = (
				2474518F200A8CE9007BFEC1 /* Base */,
			);
			name = Main.storyboard;
			sourceTree = "<group>";
		};
		24745193200A8CE9007BFEC1 /* LaunchScreen.storyboard */ = {
			isa = PBXVariantGroup;
			children = (
				24745194200A8CE9007BFEC1 /* Base */,
			);
			name = LaunchScreen.storyboard;
			sourceTree = "<group>";
		};
/* End PBXVariantGroup section */

/* Begin XCBuildConfiguration section */
		24745199200A8CE9007BFEC1 /* Debug */ = {
			isa = XCBuildConfiguration;
			buildSettings = {
				ALWAYS_SEARCH_USER_PATHS = NO;
				CLANG_ANALYZER_NONNULL = YES;
				CLANG_ANALYZER_NUMBER_OBJECT_CONVERSION = YES_AGGRESSIVE;
				CLANG_CXX_LANGUAGE_STANDARD = "gnu++14";
				CLANG_CXX_LIBRARY = "libc++";
				CLANG_ENABLE_MODULES = YES;
				CLANG_ENABLE_OBJC_ARC = YES;
				CLANG_WARN_BLOCK_CAPTURE_AUTORELEASING = YES;
				CLANG_WARN_BOOL_CONVERSION = YES;
				CLANG_WARN_COMMA = YES;
				CLANG_WARN_CONSTANT_CONVERSION = YES;
				CLANG_WARN_DIRECT_OBJC_ISA_USAGE = YES_ERROR;
				CLANG_WARN_DOCUMENTATION_COMMENTS = YES;
				CLANG_WARN_EMPTY_BODY = YES;
				CLANG_WARN_ENUM_CONVERSION = YES;
				CLANG_WARN_INFINITE_RECURSION = YES;
				CLANG_WARN_INT_CONVERSION = YES;
				CLANG_WARN_NON_LITERAL_NULL_CONVERSION = YES;
				CLANG_WARN_OBJC_LITERAL_CONVERSION = YES;
				CLANG_WARN_OBJC_ROOT_CLASS = YES_ERROR;
				CLANG_WARN_RANGE_LOOP_ANALYSIS = YES;
				CLANG_WARN_STRICT_PROTOTYPES = YES;
				CLANG_WARN_SUSPICIOUS_MOVE = YES;
				CLANG_WARN_UNGUARDED_AVAILABILITY = YES_AGGRESSIVE;
				CLANG_WARN_UNREACHABLE_CODE = YES;
				CLANG_WARN__DUPLICATE_METHOD_MATCH = YES;
				CODE_SIGN_IDENTITY = "iPhone Developer";
				COPY_PHASE_STRIP = NO;
				DEBUG_INFORMATION_FORMAT = dwarf;
				ENABLE_STRICT_OBJC_MSGSEND = YES;
				ENABLE_TESTABILITY = YES;
				GCC_C_LANGUAGE_STANDARD = gnu11;
				GCC_DYNAMIC_NO_PIC = NO;
				GCC_NO_COMMON_BLOCKS = YES;
				GCC_OPTIMIZATION_LEVEL = 0;
				GCC_PREPROCESSOR_DEFINITIONS = (
					"DEBUG=1",
					"$(inherited)",
				);
				GCC_WARN_64_TO_32_BIT_CONVERSION = YES;
				GCC_WARN_ABOUT_RETURN_TYPE = YES_ERROR;
				GCC_WARN_UNDECLARED_SELECTOR = YES;
				GCC_WARN_UNINITIALIZED_AUTOS = YES_AGGRESSIVE;
				GCC_WARN_UNUSED_FUNCTION = YES;
				GCC_WARN_UNUSED_VARIABLE = YES;
				IPHONEOS_DEPLOYMENT_TARGET = 11.2;
				MTL_ENABLE_DEBUG_INFO = YES;
				ONLY_ACTIVE_ARCH = YES;
				SDKROOT = iphoneos;
			};
			name = Debug;
		};
		2474519A200A8CE9007BFEC1 /* Release */ = {
			isa = XCBuildConfiguration;
			buildSettings = {
				ALWAYS_SEARCH_USER_PATHS = NO;
				CLANG_ANALYZER_NONNULL = YES;
				CLANG_ANALYZER_NUMBER_OBJECT_CONVERSION = YES_AGGRESSIVE;
				CLANG_CXX_LANGUAGE_STANDARD = "gnu++14";
				CLANG_CXX_LIBRARY = "libc++";
				CLANG_ENABLE_MODULES = YES;
				CLANG_ENABLE_OBJC_ARC = YES;
				CLANG_WARN_BLOCK_CAPTURE_AUTORELEASING = YES;
				CLANG_WARN_BOOL_CONVERSION = YES;
				CLANG_WARN_COMMA = YES;
				CLANG_WARN_CONSTANT_CONVERSION = YES;
				CLANG_WARN_DIRECT_OBJC_ISA_USAGE = YES_ERROR;
				CLANG_WARN_DOCUMENTATION_COMMENTS = YES;
				CLANG_WARN_EMPTY_BODY = YES;
				CLANG_WARN_ENUM_CONVERSION = YES;
				CLANG_WARN_INFINITE_RECURSION = YES;
				CLANG_WARN_INT_CONVERSION = YES;
				CLANG_WARN_NON_LITERAL_NULL_CONVERSION = YES;
				CLANG_WARN_OBJC_LITERAL_CONVERSION = YES;
				CLANG_WARN_OBJC_ROOT_CLASS = YES_ERROR;
				CLANG_WARN_RANGE_LOOP_ANALYSIS = YES;
				CLANG_WARN_STRICT_PROTOTYPES = YES;
				CLANG_WARN_SUSPICIOUS_MOVE = YES;
				CLANG_WARN_UNGUARDED_AVAILABILITY = YES_AGGRESSIVE;
				CLANG_WARN_UNREACHABLE_CODE = YES;
				CLANG_WARN__DUPLICATE_METHOD_MATCH = YES;
				CODE_SIGN_IDENTITY = "iPhone Developer";
				COPY_PHASE_STRIP = NO;
				DEBUG_INFORMATION_FORMAT = "dwarf-with-dsym";
				ENABLE_NS_ASSERTIONS = NO;
				ENABLE_STRICT_OBJC_MSGSEND = YES;
				GCC_C_LANGUAGE_STANDARD = gnu11;
				GCC_NO_COMMON_BLOCKS = YES;
				GCC_WARN_64_TO_32_BIT_CONVERSION = YES;
				GCC_WARN_ABOUT_RETURN_TYPE = YES_ERROR;
				GCC_WARN_UNDECLARED_SELECTOR = YES;
				GCC_WARN_UNINITIALIZED_AUTOS = YES_AGGRESSIVE;
				GCC_WARN_UNUSED_FUNCTION = YES;
				GCC_WARN_UNUSED_VARIABLE = YES;
				IPHONEOS_DEPLOYMENT_TARGET = 11.2;
				MTL_ENABLE_DEBUG_INFO = NO;
				SDKROOT = iphoneos;
				VALIDATE_PRODUCT = YES;
			};
			name = Release;
		};
		2474519C200A8CE9007BFEC1 /* Debug */ = {
			isa = XCBuildConfiguration;
			buildSettings = {
				ASSETCATALOG_COMPILER_APPICON_NAME = AppIcon;
				CODE_SIGN_STYLE = Automatic;
				INFOPLIST_FILE = AppAboutMe/Info.plist;
				LD_RUNPATH_SEARCH_PATHS = "$(inherited) @executable_path/Frameworks";
				PRODUCT_BUNDLE_IDENTIFIER = AA.AppAboutMe;
				PRODUCT_NAME = "$(TARGET_NAME)";
				TARGETED_DEVICE_FAMILY = "1,2";
			};
			name = Debug;
		};
		2474519D200A8CE9007BFEC1 /* Release */ = {
			isa = XCBuildConfiguration;
			buildSettings = {
				ASSETCATALOG_COMPILER_APPICON_NAME = AppIcon;
				CODE_SIGN_STYLE = Automatic;
				INFOPLIST_FILE = AppAboutMe/Info.plist;
				LD_RUNPATH_SEARCH_PATHS = "$(inherited) @executable_path/Frameworks";
				PRODUCT_BUNDLE_IDENTIFIER = AA.AppAboutMe;
				PRODUCT_NAME = "$(TARGET_NAME)";
				TARGETED_DEVICE_FAMILY = "1,2";
			};
			name = Release;
		};
/* End XCBuildConfiguration section */

/* Begin XCConfigurationList section */
		24745180200A8CE9007BFEC1 /* Build configuration list for PBXProject "AppAboutMe" */ = {
			isa = XCConfigurationList;
			buildConfigurations = (
				24745199200A8CE9007BFEC1 /* Debug */,
				2474519A200A8CE9007BFEC1 /* Release */,
			);
			defaultConfigurationIsVisible = 0;
			defaultConfigurationName = Release;
		};
		2474519B200A8CE9007BFEC1 /* Build configuration list for PBXNativeTarget "AppAboutMe" */ = {
			isa = XCConfigurationList;
			buildConfigurations = (
				2474519C200A8CE9007BFEC1 /* Debug */,
				2474519D200A8CE9007BFEC1 /* Release */,
			);
			defaultConfigurationIsVisible = 0;
			defaultConfigurationName = Release;
		};
/* End XCConfigurationList section */
	};
	rootObject = 2474517D200A8CE9007BFEC1 /* Project object */;
}
